
Microsoft Visual Studio Solution File, Format Version 12.00
# Visual Studio Version 17
VisualStudioVersion = 17.0.31903.59
MinimumVisualStudioVersion = 10.0.40219.1
Project("{2150E333-8FDC-42A3-9474-1A3956D46DE8}") = "src", "src", "{7C5580A9-4048-4045-B78A-4226833CBFC2}"
EndProject
Project("{FAE04EC0-301F-11D3-BF4B-00C04F79EFBC}") = "Enigma", "src\Enigma\Enigma.csproj", "{34FE76FF-2A40-4CCC-858D-2CD95F29D5F6}"
EndProject
Project("{2150E333-8FDC-42A3-9474-1A3956D46DE8}") = "tests", "tests", "{903051BF-9C3F-4BF5-9A98-293C8530E6D4}"
EndProject
Project("{FAE04EC0-301F-11D3-BF4B-00C04F79EFBC}") = "Enigma.Tests", "tests\Enigma.Tests\Enigma.Tests.csproj", "{8BEB475C-5B1D-40CC-B024-8F2F934402E1}"
EndProject
Global
	GlobalSection(SolutionConfigurationPlatforms) = preSolution
		Debug|Any CPU = Debug|Any CPU
		Release|Any CPU = Release|Any CPU
	EndGlobalSection
	GlobalSection(SolutionProperties) = preSolution
		HideSolutionNode = FALSE
	EndGlobalSection
	GlobalSection(ProjectConfigurationPlatforms) = postSolution
		{34FE76FF-2A40-4CCC-858D-2CD95F29D5F6}.Debug|Any CPU.ActiveCfg = Debug|Any CPU
		{34FE76FF-2A40-4CCC-858D-2CD95F29D5F6}.Debug|Any CPU.Build.0 = Debug|Any CPU
		{34FE76FF-2A40-4CCC-858D-2CD95F29D5F6}.Release|Any CPU.ActiveCfg = Release|Any CPU
		{34FE76FF-2A40-4CCC-858D-2CD95F29D5F6}.Release|Any CPU.Build.0 = Release|Any CPU
		{8BEB475C-5B1D-40CC-B024-8F2F934402E1}.Debug|Any CPU.ActiveCfg = Debug|Any CPU
		{8BEB475C-5B1D-40CC-B024-8F2F934402E1}.Debug|Any CPU.Build.0 = Debug|Any CPU
		{8BEB475C-5B1D-40CC-B024-8F2F934402E1}.Release|Any CPU.ActiveCfg = Release|Any CPU
		{8BEB475C-5B1D-40CC-B024-8F2F934402E1}.Release|Any CPU.Build.0 = Release|Any CPU
	EndGlobalSection
	GlobalSection(NestedProjects) = preSolution
		{34FE76FF-2A40-4CCC-858D-2CD95F29D5F6} = {7C5580A9-4048-4045-B78A-4226833CBFC2}
		{8BEB475C-5B1D-40CC-B024-8F2F934402E1} = {903051BF-9C3F-4BF5-9A98-293C8530E6D4}
	EndGlobalSection
EndGlobal
